
Microsoft Visual Studio Solution File, Format Version 12.00
# Visual Studio Version 17
VisualStudioVersion = 17.14.36408.4 d17.14
MinimumVisualStudioVersion = 10.0.40219.1
Project("{FAE04EC0-301F-11D3-BF4B-00C04F79EFBC}") = "ADO_Iterations_Generator", "ADO_Iterations_Generator.csproj", "{DBF35395-6762-450C-B1AB-63BDCC5D9C75}"
EndProject
Global
	GlobalSection(SolutionConfigurationPlatforms) = preSolution
		Debug|Any CPU = Debug|Any CPU
		Release|Any CPU = Release|Any CPU
	EndGlobalSection
	GlobalSection(ProjectConfigurationPlatforms) = postSolution
		{DBF35395-6762-450C-B1AB-63BDCC5D9C75}.Debug|Any CPU.ActiveCfg = Debug|Any CPU
		{DBF35395-6762-450C-B1AB-63BDCC5D9C75}.Debug|Any CPU.Build.0 = Debug|Any CPU
		{DBF35395-6762-450C-B1AB-63BDCC5D9C75}.Release|Any CPU.ActiveCfg = Release|Any CPU
		{DBF35395-6762-450C-B1AB-63BDCC5D9C75}.Release|Any CPU.Build.0 = Release|Any CPU
	EndGlobalSection
	GlobalSection(SolutionProperties) = preSolution
		HideSolutionNode = FALSE
	EndGlobalSection
	GlobalSection(ExtensibilityGlobals) = postSolution
		SolutionGuid = {2D9AFA47-902B-4580-8475-6C3630FC6569}
	EndGlobalSection
EndGlobal
